
Microsoft Visual Studio Solution File, Format Version 12.00
# Visual Studio Version 17
VisualStudioVersion = 17.13.35919.96
MinimumVisualStudioVersion = 10.0.40219.1
Project("{FAE04EC0-301F-11D3-BF4B-00C04F79EFBC}") = "ToDoListApp", "ToDoListApp\ToDoListApp.csproj", "{F17CA39B-3252-44B9-A6C0-30BB14BBFD4F}"
EndProject
Project("{FAE04EC0-301F-11D3-BF4B-00C04F79EFBC}") = "TodoAppDataAccess", "Todo.DataAccess\TodoAppDataAccess.csproj", "{05918232-7A8A-FCDE-C17B-A9B05D154594}"
EndProject
Project("{FAE04EC0-301F-11D3-BF4B-00C04F79EFBC}") = "TodoAppBussines", "TodoAppBussines\TodoAppBussines.csproj", "{D9A68FFC-DC7E-6E81-46A2-B3D9FB094F23}"
EndProject
Project("{FAE04EC0-301F-11D3-BF4B-00C04F79EFBC}") = "TodoAppEntities", "TodoAppEntities\TodoAppEntities.csproj", "{75603A86-70FF-0EFD-DC15-C1D8198F4DA4}"
EndProject
Global
	GlobalSection(SolutionConfigurationPlatforms) = preSolution
		Debug|Any CPU = Debug|Any CPU
		Release|Any CPU = Release|Any CPU
	EndGlobalSection
	GlobalSection(ProjectConfigurationPlatforms) = postSolution
		{F17CA39B-3252-44B9-A6C0-30BB14BBFD4F}.Debug|Any CPU.ActiveCfg = Debug|Any CPU
		{F17CA39B-3252-44B9-A6C0-30BB14BBFD4F}.Debug|Any CPU.Build.0 = Debug|Any CPU
		{F17CA39B-3252-44B9-A6C0-30BB14BBFD4F}.Release|Any CPU.ActiveCfg = Release|Any CPU
		{F17CA39B-3252-44B9-A6C0-30BB14BBFD4F}.Release|Any CPU.Build.0 = Release|Any CPU
		{05918232-7A8A-FCDE-C17B-A9B05D154594}.Debug|Any CPU.ActiveCfg = Debug|Any CPU
		{05918232-7A8A-FCDE-C17B-A9B05D154594}.Debug|Any CPU.Build.0 = Debug|Any CPU
		{05918232-7A8A-FCDE-C17B-A9B05D154594}.Release|Any CPU.ActiveCfg = Release|Any CPU
		{05918232-7A8A-FCDE-C17B-A9B05D154594}.Release|Any CPU.Build.0 = Release|Any CPU
		{D9A68FFC-DC7E-6E81-46A2-B3D9FB094F23}.Debug|Any CPU.ActiveCfg = Debug|Any CPU
		{D9A68FFC-DC7E-6E81-46A2-B3D9FB094F23}.Debug|Any CPU.Build.0 = Debug|Any CPU
		{D9A68FFC-DC7E-6E81-46A2-B3D9FB094F23}.Release|Any CPU.ActiveCfg = Release|Any CPU
		{D9A68FFC-DC7E-6E81-46A2-B3D9FB094F23}.Release|Any CPU.Build.0 = Release|Any CPU
		{75603A86-70FF-0EFD-DC15-C1D8198F4DA4}.Debug|Any CPU.ActiveCfg = Debug|Any CPU
		{75603A86-70FF-0EFD-DC15-C1D8198F4DA4}.Debug|Any CPU.Build.0 = Debug|Any CPU
		{75603A86-70FF-0EFD-DC15-C1D8198F4DA4}.Release|Any CPU.ActiveCfg = Release|Any CPU
		{75603A86-70FF-0EFD-DC15-C1D8198F4DA4}.Release|Any CPU.Build.0 = Release|Any CPU
	EndGlobalSection
	GlobalSection(SolutionProperties) = preSolution
		HideSolutionNode = FALSE
	EndGlobalSection
	GlobalSection(ExtensibilityGlobals) = postSolution
		SolutionGuid = {84B839A0-8AB7-4985-B9BE-E580C6BC3929}
	EndGlobalSection
EndGlobal
